# This file is autogenerated, do not edit; changes may be undone by the next 'dep ensure'.


[[projects]]
  name = "github.com/alecthomas/chroma"
  packages = [".","formatters/html","lexers","lexers/a","lexers/b","lexers/c","lexers/d","lexers/e","lexers/f","lexers/g","lexers/h","lexers/i","lexers/internal","lexers/j","lexers/k","lexers/l","lexers/m","lexers/n","lexers/o","lexers/p","lexers/q","lexers/r","lexers/s","lexers/t","lexers/v","lexers/w","lexers/x","lexers/y","styles"]
  revision = "563aadc53c53292c4c1def1b0a547be498bba83e"
  version = "v0.3.0"

[[projects]]
  branch = "master"
  name = "github.com/danwakefield/fnmatch"
  packages = ["."]
  revision = "cbb64ac3d964b81592e64f957ad53df015803288"

[[projects]]
  name = "github.com/dlclark/regexp2"
  packages = [".","syntax"]
  revision = "487489b64fb796de2e55f4e8a4ad1e145f80e957"
  version = "v1.1.6"

[[projects]]
  name = "github.com/gorilla/context"
  packages = ["."]
  revision = "1ea25387ff6f684839d82767c1733ff4d4d15d0a"
  version = "v1.1"

[[projects]]
  name = "github.com/gorilla/mux"
  packages = ["."]
  revision = "53c1911da2b537f792e7cafcb446b05ffe33b996"
  version = "v1.6.1"

[[projects]]
  name = "github.com/russross/blackfriday"
  packages = ["."]
  revision = "cadec560ec52d93835bf2f15bd794700d3a2473b"
  version = "v2.0.0"

[[projects]]
  branch = "master"
  name = "github.com/shurcooL/sanitized_anchor_name"
  packages = ["."]
  revision = "86672fcb3f950f35f2e675df2240550f2a50762f"

[[projects]]
  branch = "master"
  name = "golang.org/x/net"
  packages = ["html","html/atom"]
  revision = "f5dfe339be1d06f81b22525fe34671ee7d2c8904"

[solve-meta]
  analyzer-name = "dep"
  analyzer-version = 1
  inputs-digest = "076fa8d91bfc7487d5fcd0ce40bb6940e682516eed381deceac0279e389f1917"
  solver-name = "gps-cdcl"
  solver-version = 1
